
Microsoft Visual Studio Solution File, Format Version 12.00
# Visual Studio Version 17
VisualStudioVersion = 17.0.32014.148
MinimumVisualStudioVersion = 10.0.40219.1
Project("{9A19103F-16F7-4668-BE54-9A1E7A4F7556}") = "metric-instr", "metric-instr.csproj", "{DC5014A4-7989-4C49-93A1-C48885B9A63A}"
EndProject
Project("{E53339B2-1760-4266-BCC7-CA923CBCF16C}") = "docker-compose", "docker-compose.dcproj", "{79BDCF94-5605-49DF-A258-523BB4DA9DC3}"
EndProject
Global
	GlobalSection(SolutionConfigurationPlatforms) = preSolution
		Debug|Any CPU = Debug|Any CPU
		Release|Any CPU = Release|Any CPU
	EndGlobalSection
	GlobalSection(ProjectConfigurationPlatforms) = postSolution
		{DC5014A4-7989-4C49-93A1-C48885B9A63A}.Debug|Any CPU.ActiveCfg = Debug|Any CPU
		{DC5014A4-7989-4C49-93A1-C48885B9A63A}.Debug|Any CPU.Build.0 = Debug|Any CPU
		{DC5014A4-7989-4C49-93A1-C48885B9A63A}.Release|Any CPU.ActiveCfg = Release|Any CPU
		{DC5014A4-7989-4C49-93A1-C48885B9A63A}.Release|Any CPU.Build.0 = Release|Any CPU
		{79BDCF94-5605-49DF-A258-523BB4DA9DC3}.Debug|Any CPU.ActiveCfg = Debug|Any CPU
		{79BDCF94-5605-49DF-A258-523BB4DA9DC3}.Debug|Any CPU.Build.0 = Debug|Any CPU
		{79BDCF94-5605-49DF-A258-523BB4DA9DC3}.Release|Any CPU.ActiveCfg = Release|Any CPU
		{79BDCF94-5605-49DF-A258-523BB4DA9DC3}.Release|Any CPU.Build.0 = Release|Any CPU
	EndGlobalSection
	GlobalSection(SolutionProperties) = preSolution
		HideSolutionNode = FALSE
	EndGlobalSection
	GlobalSection(ExtensibilityGlobals) = postSolution
		SolutionGuid = {61AE7528-F937-4904-9A2B-BCD946EC0277}
	EndGlobalSection
EndGlobal
